# THIS IS AN AUTOGENERATED FILE. DO NOT EDIT THIS FILE DIRECTLY.
# yarn lockfile v1


svelte@^3.19.2:
  version "3.19.2"
  resolved "https://registry.yarnpkg.com/svelte/-/svelte-3.19.2.tgz#4b0169ee33b37399f08eb92163593a0a46c242c7"
  integrity sha512-Jswg065u8R9QYcN0rdpTQSFIr0hFq7YUzcPpEY6ZpFSAWkJKZG9AJvHE1d8+NJDTfr7SzKrO6EYssYYkUmszpA==
